
Microsoft Visual Studio Solution File, Format Version 12.00
# Visual Studio Version 17
VisualStudioVersion = 17.8.34330.188
MinimumVisualStudioVersion = 10.0.40219.1
Project("{9A19103F-16F7-4668-BE54-9A1E7A4F7556}") = "AutomobileLibrary", "AutomobileLibrary\AutomobileLibrary.csproj", "{0F84AA45-62A7-4C9D-8A82-D286A08721FC}"
EndProject
Project("{FAE04EC0-301F-11D3-BF4B-00C04F79EFBC}") = "AutomibileWebApp", "AutomibileWebApp\AutomibileWebApp.csproj", "{F767E0BA-7B7F-41B7-B4C6-564339B99725}"
EndProject
Global
	GlobalSection(SolutionConfigurationPlatforms) = preSolution
		Debug|Any CPU = Debug|Any CPU
		Release|Any CPU = Release|Any CPU
	EndGlobalSection
	GlobalSection(ProjectConfigurationPlatforms) = postSolution
		{0F84AA45-62A7-4C9D-8A82-D286A08721FC}.Debug|Any CPU.ActiveCfg = Debug|Any CPU
		{0F84AA45-62A7-4C9D-8A82-D286A08721FC}.Debug|Any CPU.Build.0 = Debug|Any CPU
		{0F84AA45-62A7-4C9D-8A82-D286A08721FC}.Release|Any CPU.ActiveCfg = Release|Any CPU
		{0F84AA45-62A7-4C9D-8A82-D286A08721FC}.Release|Any CPU.Build.0 = Release|Any CPU
		{F767E0BA-7B7F-41B7-B4C6-564339B99725}.Debug|Any CPU.ActiveCfg = Debug|Any CPU
		{F767E0BA-7B7F-41B7-B4C6-564339B99725}.Debug|Any CPU.Build.0 = Debug|Any CPU
		{F767E0BA-7B7F-41B7-B4C6-564339B99725}.Release|Any CPU.ActiveCfg = Release|Any CPU
		{F767E0BA-7B7F-41B7-B4C6-564339B99725}.Release|Any CPU.Build.0 = Release|Any CPU
	EndGlobalSection
	GlobalSection(SolutionProperties) = preSolution
		HideSolutionNode = FALSE
	EndGlobalSection
	GlobalSection(ExtensibilityGlobals) = postSolution
		SolutionGuid = {BE4151BE-EBA1-4D3B-84DA-5C3282188743}
	EndGlobalSection
EndGlobal
